
Microsoft Visual Studio Solution File, Format Version 11.00
# Visual Studio 2010
Project("{FAE04EC0-301F-11D3-BF4B-00C04F79EFBC}") = "P4_4", "P4_4\P4_4\P4_4.csproj", "{09F29CDC-7185-4FC7-B1D8-FDA11F40C4AC}"
EndProject
Project("{FAE04EC0-301F-11D3-BF4B-00C04F79EFBC}") = "P4_4Content", "P4_4\P4_4Content\P4_4Content.contentproj", "{CF4505F4-AC76-49B0-AFD3-4D97F47E9670}"
EndProject
Global
	GlobalSection(SolutionConfigurationPlatforms) = preSolution
		Debug|asd = Debug|asd
		Debug|Mixed Platforms = Debug|Mixed Platforms
		Debug|x86 = Debug|x86
		Debug|Xbox 360 = Debug|Xbox 360
		Release|asd = Release|asd
		Release|Mixed Platforms = Release|Mixed Platforms
		Release|x86 = Release|x86
		Release|Xbox 360 = Release|Xbox 360
	EndGlobalSection
	GlobalSection(ProjectConfigurationPlatforms) = postSolution
		{09F29CDC-7185-4FC7-B1D8-FDA11F40C4AC}.Debug|asd.ActiveCfg = Debug|x86
		{09F29CDC-7185-4FC7-B1D8-FDA11F40C4AC}.Debug|asd.Build.0 = Debug|x86
		{09F29CDC-7185-4FC7-B1D8-FDA11F40C4AC}.Debug|Mixed Platforms.ActiveCfg = Debug|x86
		{09F29CDC-7185-4FC7-B1D8-FDA11F40C4AC}.Debug|Mixed Platforms.Build.0 = Debug|x86
		{09F29CDC-7185-4FC7-B1D8-FDA11F40C4AC}.Debug|x86.ActiveCfg = Debug|x86
		{09F29CDC-7185-4FC7-B1D8-FDA11F40C4AC}.Debug|x86.Build.0 = Debug|x86
		{09F29CDC-7185-4FC7-B1D8-FDA11F40C4AC}.Debug|Xbox 360.ActiveCfg = Debug|x86
		{09F29CDC-7185-4FC7-B1D8-FDA11F40C4AC}.Debug|Xbox 360.Build.0 = Debug|x86
		{09F29CDC-7185-4FC7-B1D8-FDA11F40C4AC}.Release|asd.ActiveCfg = Release|x86
		{09F29CDC-7185-4FC7-B1D8-FDA11F40C4AC}.Release|asd.Build.0 = Release|x86
		{09F29CDC-7185-4FC7-B1D8-FDA11F40C4AC}.Release|Mixed Platforms.ActiveCfg = Release|x86
		{09F29CDC-7185-4FC7-B1D8-FDA11F40C4AC}.Release|Mixed Platforms.Build.0 = Release|x86
		{09F29CDC-7185-4FC7-B1D8-FDA11F40C4AC}.Release|x86.ActiveCfg = Release|x86
		{09F29CDC-7185-4FC7-B1D8-FDA11F40C4AC}.Release|x86.Build.0 = Release|x86
		{09F29CDC-7185-4FC7-B1D8-FDA11F40C4AC}.Release|Xbox 360.ActiveCfg = Release|x86
		{09F29CDC-7185-4FC7-B1D8-FDA11F40C4AC}.Release|Xbox 360.Build.0 = Release|x86
		{CF4505F4-AC76-49B0-AFD3-4D97F47E9670}.Debug|asd.ActiveCfg = Debug|x86
		{CF4505F4-AC76-49B0-AFD3-4D97F47E9670}.Debug|Mixed Platforms.ActiveCfg = Debug|x86
		{CF4505F4-AC76-49B0-AFD3-4D97F47E9670}.Debug|x86.ActiveCfg = Debug|x86
		{CF4505F4-AC76-49B0-AFD3-4D97F47E9670}.Debug|Xbox 360.ActiveCfg = Debug|x86
		{CF4505F4-AC76-49B0-AFD3-4D97F47E9670}.Release|asd.ActiveCfg = Release|x86
		{CF4505F4-AC76-49B0-AFD3-4D97F47E9670}.Release|Mixed Platforms.ActiveCfg = Release|x86
		{CF4505F4-AC76-49B0-AFD3-4D97F47E9670}.Release|x86.ActiveCfg = Release|x86
		{CF4505F4-AC76-49B0-AFD3-4D97F47E9670}.Release|Xbox 360.ActiveCfg = Release|x86
	EndGlobalSection
	GlobalSection(SolutionProperties) = preSolution
		HideSolutionNode = FALSE
	EndGlobalSection
EndGlobal
